
Microsoft Visual Studio Solution File, Format Version 12.00
# Visual Studio Version 16
VisualStudioVersion = 16.0.29102.190
MinimumVisualStudioVersion = 10.0.40219.1
Project("{9A19103F-16F7-4668-BE54-9A1E7A4F7556}") = "MhwLoadoutCreator", "MhwLoadoutCreator\MhwLoadoutCreator.csproj", "{2A32D827-F402-4270-9938-E3DC3E5A84A7}"
EndProject
Project("{9A19103F-16F7-4668-BE54-9A1E7A4F7556}") = "MhwLoadoutCreator.MhwDbApiAccess", "MhwLoadoutCreator.MhwDbApiAccess\MhwLoadoutCreator.MhwDbApiAccess.csproj", "{60F1EC9F-909A-4C9C-BF50-8EFE0AFD9EC5}"
EndProject
Project("{9A19103F-16F7-4668-BE54-9A1E7A4F7556}") = "MhwLoadoutCreator.Models", "MhwLoadoutCreator.Models\MhwLoadoutCreator.Models.csproj", "{12A2C5B5-F5F1-4FE6-9152-631F7D70DB3E}"
EndProject
Project("{FAE04EC0-301F-11D3-BF4B-00C04F79EFBC}") = "MhwLoadoutCreator.MhwDbApiAccess.SmallTests", "MhwLoadoutCreator.MhwDbApiAccess.SmallTests\MhwLoadoutCreator.MhwDbApiAccess.SmallTests.csproj", "{994500DB-CCFE-4CDA-9092-BD1907893D02}"
EndProject
Global
	GlobalSection(SolutionConfigurationPlatforms) = preSolution
		Debug|Any CPU = Debug|Any CPU
		Release|Any CPU = Release|Any CPU
	EndGlobalSection
	GlobalSection(ProjectConfigurationPlatforms) = postSolution
		{2A32D827-F402-4270-9938-E3DC3E5A84A7}.Debug|Any CPU.ActiveCfg = Debug|Any CPU
		{2A32D827-F402-4270-9938-E3DC3E5A84A7}.Debug|Any CPU.Build.0 = Debug|Any CPU
		{2A32D827-F402-4270-9938-E3DC3E5A84A7}.Release|Any CPU.ActiveCfg = Release|Any CPU
		{2A32D827-F402-4270-9938-E3DC3E5A84A7}.Release|Any CPU.Build.0 = Release|Any CPU
		{60F1EC9F-909A-4C9C-BF50-8EFE0AFD9EC5}.Debug|Any CPU.ActiveCfg = Debug|Any CPU
		{60F1EC9F-909A-4C9C-BF50-8EFE0AFD9EC5}.Debug|Any CPU.Build.0 = Debug|Any CPU
		{60F1EC9F-909A-4C9C-BF50-8EFE0AFD9EC5}.Release|Any CPU.ActiveCfg = Release|Any CPU
		{60F1EC9F-909A-4C9C-BF50-8EFE0AFD9EC5}.Release|Any CPU.Build.0 = Release|Any CPU
		{12A2C5B5-F5F1-4FE6-9152-631F7D70DB3E}.Debug|Any CPU.ActiveCfg = Debug|Any CPU
		{12A2C5B5-F5F1-4FE6-9152-631F7D70DB3E}.Debug|Any CPU.Build.0 = Debug|Any CPU
		{12A2C5B5-F5F1-4FE6-9152-631F7D70DB3E}.Release|Any CPU.ActiveCfg = Release|Any CPU
		{12A2C5B5-F5F1-4FE6-9152-631F7D70DB3E}.Release|Any CPU.Build.0 = Release|Any CPU
		{994500DB-CCFE-4CDA-9092-BD1907893D02}.Debug|Any CPU.ActiveCfg = Debug|Any CPU
		{994500DB-CCFE-4CDA-9092-BD1907893D02}.Debug|Any CPU.Build.0 = Debug|Any CPU
		{994500DB-CCFE-4CDA-9092-BD1907893D02}.Release|Any CPU.ActiveCfg = Release|Any CPU
		{994500DB-CCFE-4CDA-9092-BD1907893D02}.Release|Any CPU.Build.0 = Release|Any CPU
	EndGlobalSection
	GlobalSection(SolutionProperties) = preSolution
		HideSolutionNode = FALSE
	EndGlobalSection
	GlobalSection(ExtensibilityGlobals) = postSolution
		SolutionGuid = {DA1DD2B7-8905-4637-9A12-76C33140BC24}
	EndGlobalSection
EndGlobal
